version = 1
revision = 3
requires-python = ">=3.13"

[[package]]
name = "anyio"
version = "4.12.1"
source = { registry = "https://pypi.tuna.tsinghua.edu.cn/simple" }
dependencies = [
    { name = "idna" },
]
sdist = { url = "https://pypi.tuna.tsinghua.edu.cn/packages/96/f0/5eb65b2bb0d09ac6776f2eb54adee6abe8228ea05b20a5ad0e4945de8aac/anyio-4.12.1.tar.gz", hash = "sha256:41cfcc3a4c85d3f05c932da7c26d0201ac36f72abd4435ba90d0464a3ffed703", size = 228685, upload-time = "2026-01-06T11:45:21.246Z" }
wheels = [
    { url = "https://pypi.tuna.tsinghua.edu.cn/packages/38/0e/27be9fdef66e72d64c0cdc3cc2823101b80585f8119b5c112c2e8f5f7dab/anyio-4.12.1-py3-none-any.whl", hash = "sha256:d405828884fc140aa80a3c667b8beed277f1dfedec42ba031bd6ac3db606ab6c", size = 113592, upload-time = "2026-01-06T11:45:19.497Z" },
]

[[package]]
name = "bibtexparser"
version = "1.4.4"
source = { registry = "https://pypi.tuna.tsinghua.edu.cn/simple" }
dependencies = [
    { name = "pyparsing" },
]
sdist = { url = "https://pypi.tuna.tsinghua.edu.cn/packages/44/1c/577d3ce406e88f370e80a6ebf76ae52a2866521e0b585e8ec612759894f1/bibtexparser-1.4.4.tar.gz", hash = "sha256:093b6c824f7a71d3a748867c4057b71f77c55b8dbc07efc993b781771520d8fb", size = 55594, upload-time = "2026-01-29T18:58:01.366Z" }

[[package]]
name = "certifi"
version = "2026.2.25"
source = { registry = "https://pypi.tuna.tsinghua.edu.cn/simple" }
sdist = { url = "https://pypi.tuna.tsinghua.edu.cn/packages/af/2d/7bf41579a8986e348fa033a31cdd0e4121114f6bce2457e8876010b092dd/certifi-2026.2.25.tar.gz", hash = "sha256:e887ab5cee78ea814d3472169153c2d12cd43b14bd03329a39a9c6e2e80bfba7", size = 155029, upload-time = "2026-02-25T02:54:17.342Z" }
wheels = [
    { url = "https://pypi.tuna.tsinghua.edu.cn/packages/9a/3c/c17fb3ca2d9c3acff52e30b309f538586f9f5b9c9cf454f3845fc9af4881/certifi-2026.2.25-py3-none-any.whl", hash = "sha256:027692e4402ad994f1c42e52a4997a9763c646b73e4096e4d5d6db8af1d6f0fa", size = 153684, upload-time = "2026-02-25T02:54:15.766Z" },
]

[[package]]
name = "feedparser"
version = "6.0.12"
source = { registry = "https://pypi.tuna.tsinghua.edu.cn/simple" }
dependencies = [
    { name = "sgmllib3k" },
]
sdist = { url = "https://pypi.tuna.tsinghua.edu.cn/packages/dc/79/db7edb5e77d6dfbc54d7d9df72828be4318275b2e580549ff45a962f6461/feedparser-6.0.12.tar.gz", hash = "sha256:64f76ce90ae3e8ef5d1ede0f8d3b50ce26bcce71dd8ae5e82b1cd2d4a5f94228", size = 286579, upload-time = "2025-09-10T13:33:59.486Z" }
wheels = [
    { url = "https://pypi.tuna.tsinghua.edu.cn/packages/4e/eb/c96d64137e29ae17d83ad2552470bafe3a7a915e85434d9942077d7fd011/feedparser-6.0.12-py3-none-any.whl", hash = "sha256:6bbff10f5a52662c00a2e3f86a38928c37c48f77b3c511aedcd51de933549324", size = 81480, upload-time = "2025-09-10T13:33:58.022Z" },
]

[[package]]
name = "h11"
version = "0.16.0"
source = { registry = "https://pypi.tuna.tsinghua.edu.cn/simple" }
sdist = { url = "https://pypi.tuna.tsinghua.edu.cn/packages/01/ee/02a2c011bdab74c6fb3c75474d40b3052059d95df7e73351460c8588d963/h11-0.16.0.tar.gz", hash = "sha256:4e35b956cf45792e4caa5885e69fba00bdbc6ffafbfa020300e549b208ee5ff1", size = 101250, upload-time = "2025-04-24T03:35:25.427Z" }
wheels = [
    { url = "https://pypi.tuna.tsinghua.edu.cn/packages/04/4b/29cac41a4d98d144bf5f6d33995617b185d14b22401f75ca86f384e87ff1/h11-0.16.0-py3-none-any.whl", hash = "sha256:63cf8bbe7522de3bf65932fda1d9c2772064ffb3dae62d55932da54b31cb6c86", size = 37515, upload-time = "2025-04-24T03:35:24.344Z" },
]

[[package]]
name = "httpcore"
version = "1.0.9"
source = { registry = "https://pypi.tuna.tsinghua.edu.cn/simple" }
dependencies = [
    { name = "certifi" },
    { name = "h11" },
]
sdist = { url = "https://pypi.tuna.tsinghua.edu.cn/packages/06/94/82699a10bca87a5556c9c59b5963f2d039dbd239f25bc2a63907a05a14cb/httpcore-1.0.9.tar.gz", hash = "sha256:6e34463af53fd2ab5d807f399a9b45ea31c3dfa2276f15a2c3f00afff6e176e8", size = 85484, upload-time = "2025-04-24T22:06:22.219Z" }
wheels = [
    { url = "https://pypi.tuna.tsinghua.edu.cn/packages/7e/f5/f66802a942d491edb555dd61e3a9961140fd64c90bce1eafd741609d334d/httpcore-1.0.9-py3-none-any.whl", hash = "sha256:2d400746a40668fc9dec9810239072b40b4484b640a8c38fd654a024c7a1bf55", size = 78784, upload-time = "2025-04-24T22:06:20.566Z" },
]

[[package]]
name = "httpx"
version = "0.28.1"
source = { registry = "https://pypi.tuna.tsinghua.edu.cn/simple" }
dependencies = [
    { name = "anyio" },
    { name = "certifi" },
    { name = "httpcore" },
    { name = "idna" },
]
sdist = { url = "https://pypi.tuna.tsinghua.edu.cn/packages/b1/df/48c586a5fe32a0f01324ee087459e112ebb7224f646c0b5023f5e79e9956/httpx-0.28.1.tar.gz", hash = "sha256:75e98c5f16b0f35b567856f597f06ff2270a374470a5c2392242528e3e3e42fc", size = 141406, upload-time = "2024-12-06T15:37:23.222Z" }
wheels = [
    { url = "https://pypi.tuna.tsinghua.edu.cn/packages/2a/39/e50c7c3a983047577ee07d2a9e53faf5a69493943ec3f6a384bdc792deb2/httpx-0.28.1-py3-none-any.whl", hash = "sha256:d909fcccc110f8c7faf814ca82a9a4d816bc5a6dbfea25d6591d6985b8ba59ad", size = 73517, upload-time = "2024-12-06T15:37:21.509Z" },
]

[[package]]
name = "idna"
version = "3.11"
source = { registry = "https://pypi.tuna.tsinghua.edu.cn/simple" }
sdist = { url = "https://pypi.tuna.tsinghua.edu.cn/packages/6f/6d/0703ccc57f3a7233505399edb88de3cbd678da106337b9fcde432b65ed60/idna-3.11.tar.gz", hash = "sha256:795dafcc9c04ed0c1fb032c2aa73654d8e8c5023a7df64a53f39190ada629902", size = 194582, upload-time = "2025-10-12T14:55:20.501Z" }
wheels = [
    { url = "https://pypi.tuna.tsinghua.edu.cn/packages/0e/61/66938bbb5fc52dbdf84594873d5b51fb1f7c7794e9c0f5bd885f30bc507b/idna-3.11-py3-none-any.whl", hash = "sha256:771a87f49d9defaf64091e6e6fe9c18d4833f140bd19464795bc32d966ca37ea", size = 71008, upload-time = "2025-10-12T14:55:18.883Z" },
]

[[package]]
name = "pyparsing"
version = "3.3.2"
source = { registry = "https://pypi.tuna.tsinghua.edu.cn/simple" }
sdist = { url = "https://pypi.tuna.tsinghua.edu.cn/packages/f3/91/9c6ee907786a473bf81c5f53cf703ba0957b23ab84c264080fb5a450416f/pyparsing-3.3.2.tar.gz", hash = "sha256:c777f4d763f140633dcb6d8a3eda953bf7a214dc4eff598413c070bcdc117cbc", size = 6851574, upload-time = "2026-01-21T03:57:59.36Z" }
wheels = [
    { url = "https://pypi.tuna.tsinghua.edu.cn/packages/10/bd/c038d7cc38edc1aa5bf91ab8068b63d4308c66c4c8bb3cbba7dfbc049f9c/pyparsing-3.3.2-py3-none-any.whl", hash = "sha256:850ba148bd908d7e2411587e247a1e4f0327839c40e2e5e6d05a007ecc69911d", size = 122781, upload-time = "2026-01-21T03:57:55.912Z" },
]

[[package]]
name = "pyzotero"
version = "1.10.0"
source = { registry = "https://pypi.tuna.tsinghua.edu.cn/simple" }
dependencies = [
    { name = "bibtexparser" },
    { name = "feedparser" },
    { name = "httpx" },
    { name = "whenever" },
]
sdist = { url = "https://pypi.tuna.tsinghua.edu.cn/packages/53/fc/dc2682ccbb6f4ada2c0b08252febd647723330d2f72c70bb070de32586ce/pyzotero-1.10.0.tar.gz", hash = "sha256:90ec4040e5a26182b9e2b0eaa7945464bcb4f57c710b1418c1ccd19bb5ccf7a7", size = 552138, upload-time = "2026-02-06T12:47:09.597Z" }
wheels = [
    { url = "https://pypi.tuna.tsinghua.edu.cn/packages/26/ad/648abae578d4b79dc7fd5368ba6f5c9d3a9cf3b78685f4dfab31ea8d37fe/pyzotero-1.10.0-py3-none-any.whl", hash = "sha256:454e3f3e7fbb4f98e1eaae7d90c78ee12b7c0ea386e21a8d9a12e73b38ee9fa0", size = 49453, upload-time = "2026-02-06T12:47:07.754Z" },
]

[[package]]
name = "sgmllib3k"
version = "1.0.0"
source = { registry = "https://pypi.tuna.tsinghua.edu.cn/simple" }
sdist = { url = "https://pypi.tuna.tsinghua.edu.cn/packages/9e/bd/3704a8c3e0942d711c1299ebf7b9091930adae6675d7c8f476a7ce48653c/sgmllib3k-1.0.0.tar.gz", hash = "sha256:7868fb1c8bfa764c1ac563d3cf369c381d1325d36124933a726f29fcdaa812e9", size = 5750, upload-time = "2010-08-24T14:33:52.445Z" }

[[package]]
name = "tzdata"
version = "2025.3"
source = { registry = "https://pypi.tuna.tsinghua.edu.cn/simple" }
sdist = { url = "https://pypi.tuna.tsinghua.edu.cn/packages/5e/a7/c202b344c5ca7daf398f3b8a477eeb205cf3b6f32e7ec3a6bac0629ca975/tzdata-2025.3.tar.gz", hash = "sha256:de39c2ca5dc7b0344f2eba86f49d614019d29f060fc4ebc8a417896a620b56a7", size = 196772, upload-time = "2025-12-13T17:45:35.667Z" }
wheels = [
    { url = "https://pypi.tuna.tsinghua.edu.cn/packages/c7/b0/003792df09decd6849a5e39c28b513c06e84436a54440380862b5aeff25d/tzdata-2025.3-py2.py3-none-any.whl", hash = "sha256:06a47e5700f3081aab02b2e513160914ff0694bce9947d6b76ebd6bf57cfc5d1", size = 348521, upload-time = "2025-12-13T17:45:33.889Z" },
]

[[package]]
name = "tzlocal"
version = "5.3.1"
source = { registry = "https://pypi.tuna.tsinghua.edu.cn/simple" }
dependencies = [
    { name = "tzdata", marker = "sys_platform == 'win32'" },
]
sdist = { url = "https://pypi.tuna.tsinghua.edu.cn/packages/8b/2e/c14812d3d4d9cd1773c6be938f89e5735a1f11a9f184ac3639b93cef35d5/tzlocal-5.3.1.tar.gz", hash = "sha256:cceffc7edecefea1f595541dbd6e990cb1ea3d19bf01b2809f362a03dd7921fd", size = 30761, upload-time = "2025-03-05T21:17:41.549Z" }
wheels = [
    { url = "https://pypi.tuna.tsinghua.edu.cn/packages/c2/14/e2a54fabd4f08cd7af1c07030603c3356b74da07f7cc056e600436edfa17/tzlocal-5.3.1-py3-none-any.whl", hash = "sha256:eb1a66c3ef5847adf7a834f1be0800581b683b5608e74f86ecbcef8ab91bb85d", size = 18026, upload-time = "2025-03-05T21:17:39.857Z" },
]

[[package]]
name = "whenever"
version = "0.9.5"
source = { registry = "https://pypi.tuna.tsinghua.edu.cn/simple" }
dependencies = [
    { name = "tzdata", marker = "sys_platform == 'win32'" },
    { name = "tzlocal", marker = "sys_platform != 'darwin' and sys_platform != 'linux'" },
]
sdist = { url = "https://pypi.tuna.tsinghua.edu.cn/packages/cd/9a/6b12d5708a703010877bec0efc5172ae8a851516abc13cd4543ce4d02a20/whenever-0.9.5.tar.gz", hash = "sha256:9d8f2fbc70acdab98a99b81a2ac594ebd4cc68d5b3506b990729a5f0b04d0083", size = 259436, upload-time = "2026-01-11T19:47:51.608Z" }
wheels = [
    { url = "https://pypi.tuna.tsinghua.edu.cn/packages/48/c7/f5626d4cc477116e6ec3191515981a60cdd021adc97046cb422f6bed327c/whenever-0.9.5-cp313-cp313-macosx_10_12_x86_64.whl", hash = "sha256:d7de2cac536fe28f012928b74e0a3ed15dd8f4ac9940cfce35104cca345937f0", size = 467317, upload-time = "2026-01-11T19:47:21.582Z" },
    { url = "https://pypi.tuna.tsinghua.edu.cn/packages/ea/81/d59f0e226ef542fc4bc86567d7b9e2bf9016c353b1f83661ee3913a140a7/whenever-0.9.5-cp313-cp313-macosx_11_0_arm64.whl", hash = "sha256:e00bc8f93fa469c630aad9dfdc538587c28891d6a4dce2f0b08628d5a108a219", size = 438838, upload-time = "2026-01-11T19:47:11.553Z" },
    { url = "https://pypi.tuna.tsinghua.edu.cn/packages/b5/dc/090732e6e75f15a6084700d3247db6aa1f885971b637531529c62c4ba1c6/whenever-0.9.5-cp313-cp313-manylinux_2_17_aarch64.manylinux2014_aarch64.whl", hash = "sha256:9ac83555db44e1fcfc032114f45c09af0ed9d641380672c8deb7f1131a0fd783", size = 453069, upload-time = "2026-01-11T19:45:30.238Z" },
    { url = "https://pypi.tuna.tsinghua.edu.cn/packages/ab/f9/b4744370a9491689fc46327a17e3246a9e107b19efa0e24f51d9dcbe6aeb/whenever-0.9.5-cp313-cp313-manylinux_2_17_armv7l.manylinux2014_armv7l.whl", hash = "sha256:1c486b1db0b833a007e2b8264f265079e57593925131b83ab69514fb9563b8d9", size = 498413, upload-time = "2026-01-11T19:45:49.811Z" },
    { url = "https://pypi.tuna.tsinghua.edu.cn/packages/62/78/45ef94ef51cb97c514650c2af33cdfc3de3cf967fcf12955c0e3a430a6cf/whenever-0.9.5-cp313-cp313-manylinux_2_17_ppc64le.manylinux2014_ppc64le.whl", hash = "sha256:8a57e8f207b5ad9b0c6bcd3efee38d65a70434c1bdcb95cc5d2e2b7a5237c208", size = 487043, upload-time = "2026-01-11T19:46:09.528Z" },
    { url = "https://pypi.tuna.tsinghua.edu.cn/packages/6b/23/f45082a60471ee79edc5bf5c09c1d4f55324a2c740fb138a3a691f19d2b6/whenever-0.9.5-cp313-cp313-manylinux_2_17_s390x.manylinux2014_s390x.whl", hash = "sha256:7e1d66a0ece1dabd6952eb7b03a555843bada42bed4683ea71b113f194714144", size = 521879, upload-time = "2026-01-11T19:46:20.093Z" },
    { url = "https://pypi.tuna.tsinghua.edu.cn/packages/56/5c/8d6dc529595b5387f5727cd6c2c5b8615851d95fec5c599a61ef239cc1b3/whenever-0.9.5-cp313-cp313-manylinux_2_17_x86_64.manylinux2014_x86_64.whl", hash = "sha256:b4056aaff273a579f0294e5397a0d198f52906bbaf7171da0a12ecd8cdf5026c", size = 483388, upload-time = "2026-01-11T19:46:49.746Z" },
    { url = "https://pypi.tuna.tsinghua.edu.cn/packages/29/52/366c4658286a5986acb76473e9e21457af2bd1b53dc050cee00160106eaa/whenever-0.9.5-cp313-cp313-manylinux_2_5_i686.manylinux1_i686.whl", hash = "sha256:9b0e7c669be2897108895f3283e23fe761782c9c1abb0ce8834e57e09ce5cdfd", size = 521135, upload-time = "2026-01-11T19:46:30.122Z" },
    { url = "https://pypi.tuna.tsinghua.edu.cn/packages/9a/cb/82bbe5ce0879dd38d201214323afad418f1d721111311807c75aaf2e2d16/whenever-0.9.5-cp313-cp313-musllinux_1_2_aarch64.whl", hash = "sha256:9e0c7a146da12c37d68387c639f957e3624cf7a55a1d534788d5aea748a261e7", size = 636617, upload-time = "2026-01-11T19:45:39.656Z" },
    { url = "https://pypi.tuna.tsinghua.edu.cn/packages/ec/32/8dcb6facf229b8e2b5c73d0c50adf800593769e34ab5abcd77828451c4ed/whenever-0.9.5-cp313-cp313-musllinux_1_2_armv7l.whl", hash = "sha256:70c5f3013d6a1b7c40adbc05bc886e017f2b981739aaceafce47069da5b7e617", size = 769643, upload-time = "2026-01-11T19:45:59.047Z" },
    { url = "https://pypi.tuna.tsinghua.edu.cn/packages/eb/40/6ab4308550851209982b78692d14a9729bf20b6e814ddedf2658e46a6cd8/whenever-0.9.5-cp313-cp313-musllinux_1_2_i686.whl", hash = "sha256:a8ce45c7271b85292e9d25e802543942b0249e73976c8614d676f0b561b25420", size = 733170, upload-time = "2026-01-11T19:46:39.457Z" },
    { url = "https://pypi.tuna.tsinghua.edu.cn/packages/47/38/7ad290229e8df99107d04e21ecef9d09f215428ab3aa06c0e46d51cba860/whenever-0.9.5-cp313-cp313-musllinux_1_2_x86_64.whl", hash = "sha256:4f1db334becda2d7895bc31373b1e53ff73e3a0ea208e2845b4f946ad9a5e667", size = 696797, upload-time = "2026-01-11T19:47:00.001Z" },
    { url = "https://pypi.tuna.tsinghua.edu.cn/packages/ff/8e/94c4fba5ef73bb817c557e19bb75665cb5761e4badfb60950bd4d3cc5a01/whenever-0.9.5-cp313-cp313-win32.whl", hash = "sha256:4079eabfa21d1418bcc2c3d605e780cfec0ad8161317e12fa0f1ef87cb08fe7d", size = 416152, upload-time = "2026-01-11T19:47:32.083Z" },
    { url = "https://pypi.tuna.tsinghua.edu.cn/packages/81/b4/17d4bc76ca73c21eb5b7883d10d8bacb7ce7a30a8f36501db2373c63ffb3/whenever-0.9.5-cp313-cp313-win_amd64.whl", hash = "sha256:16497a2b889aeeb0ee80a0d3b9ce14cdb63d7eb7d904e003aae3cd4ac67da1e8", size = 440135, upload-time = "2026-01-11T19:47:42.963Z" },
    { url = "https://pypi.tuna.tsinghua.edu.cn/packages/30/d3/13db725dfef188bec32e51128e888a869ee97d26d965cfe39edf1321ca8f/whenever-0.9.5-cp313-cp313t-macosx_10_12_x86_64.whl", hash = "sha256:f222b1d59cdeadc1669657198e572727db8640e0b534e4e1ad0491417ec98379", size = 466415, upload-time = "2026-01-11T19:47:22.7Z" },
    { url = "https://pypi.tuna.tsinghua.edu.cn/packages/a6/e9/4a9deeb616fbdf8e0c75fc78f13c37270d1d7e7ec776ffdf306262b8c593/whenever-0.9.5-cp313-cp313t-macosx_11_0_arm64.whl", hash = "sha256:6f4ae436a4db888cd5b48a88fb83ae3f70c468a7d0018cc9572e26e99b9f591f", size = 437247, upload-time = "2026-01-11T19:47:13.1Z" },
    { url = "https://pypi.tuna.tsinghua.edu.cn/packages/15/02/21866bddf5f819f1a3a59463f4637755590cb4045d25a50fb6ab60db97a6/whenever-0.9.5-cp313-cp313t-manylinux_2_17_aarch64.manylinux2014_aarch64.whl", hash = "sha256:68b7c201fc49123159b1518147e48791e95a19cba0b3ebb646a446eb7e95148f", size = 451556, upload-time = "2026-01-11T19:45:31.645Z" },
    { url = "https://pypi.tuna.tsinghua.edu.cn/packages/51/14/2c84db8f23577ddfd6ecd90c8d192d21dfa75aea57cda44eb53048b27e69/whenever-0.9.5-cp313-cp313t-manylinux_2_17_armv7l.manylinux2014_armv7l.whl", hash = "sha256:5d2a8dd9c565eacb199ff704d96fc95e74f6c324639d970cac3b4d80eefbaebb", size = 498034, upload-time = "2026-01-11T19:45:50.926Z" },
    { url = "https://pypi.tuna.tsinghua.edu.cn/packages/cc/37/cb69a10573382bbfd14954b5386bf5c47290551246d497a9aa733a5b5a8a/whenever-0.9.5-cp313-cp313t-manylinux_2_17_ppc64le.manylinux2014_ppc64le.whl", hash = "sha256:e0d965ee9dafe1eb37ec273f7520e26b70d8b1bb075c06b0bb9e434363ca66fd", size = 487381, upload-time = "2026-01-11T19:46:10.752Z" },
    { url = "https://pypi.tuna.tsinghua.edu.cn/packages/47/c4/fcc0f886322f72c5d83ee669ed1aa253c4e58625e5bf64fede03a69aa7a0/whenever-0.9.5-cp313-cp313t-manylinux_2_17_s390x.manylinux2014_s390x.whl", hash = "sha256:035594337920cc9b9eb4531a97037971c109cc60e9a7a53e49e65722a1db7535", size = 520975, upload-time = "2026-01-11T19:46:21.789Z" },
    { url = "https://pypi.tuna.tsinghua.edu.cn/packages/29/cc/ad7e9c225a97be16b97a20c46802991908a12f9920d83071d669ed7ed79c/whenever-0.9.5-cp313-cp313t-manylinux_2_17_x86_64.manylinux2014_x86_64.whl", hash = "sha256:26c5b04d6fcb0e4ee9f6e62e4400fd99c5f188449314f5863a865be33a653984", size = 481911, upload-time = "2026-01-11T19:46:50.87Z" },
    { url = "https://pypi.tuna.tsinghua.edu.cn/packages/ea/12/4fa12c102d6aa3190ce1f34dc9f709776e9c3b1537328c46b6444b9a1638/whenever-0.9.5-cp313-cp313t-manylinux_2_5_i686.manylinux1_i686.whl", hash = "sha256:04755e5a2b802451332d2a18bf1c45d74f99cd16e61a0724fe763907f32cf7f8", size = 520068, upload-time = "2026-01-11T19:46:31.175Z" },
    { url = "https://pypi.tuna.tsinghua.edu.cn/packages/a7/e7/08d7c7e59130e8379240fda96cd68ae60435f6d6b6e356a5900c6856e48f/whenever-0.9.5-cp313-cp313t-musllinux_1_2_aarch64.whl", hash = "sha256:0f7a37894b9cfc1e68b23f25d19ac38da68454f6bf782eab4cfac58578092daa", size = 635235, upload-time = "2026-01-11T19:45:41.389Z" },
    { url = "https://pypi.tuna.tsinghua.edu.cn/packages/c1/6d/49c5566c5560606659dfed8dd49cadfa4d6a14b3f0d7a3d5a46a0c4e5624/whenever-0.9.5-cp313-cp313t-musllinux_1_2_armv7l.whl", hash = "sha256:55f10416bed357e0d1d1e4bf5e625974fe0a01348117161b4a0d2a69361c0efc", size = 769640, upload-time = "2026-01-11T19:46:00.112Z" },
    { url = "https://pypi.tuna.tsinghua.edu.cn/packages/b8/09/e05cdc29897b97f3e3c0ffd485bf165f779c6d89bc4c0c0a76592e7c2e8c/whenever-0.9.5-cp313-cp313t-musllinux_1_2_i686.whl", hash = "sha256:75bfb8c778db727230fa5e7e2e256615be287d00cb1132b93789525e4d1c5dc6", size = 731095, upload-time = "2026-01-11T19:46:40.693Z" },
    { url = "https://pypi.tuna.tsinghua.edu.cn/packages/1c/d1/dcb635c2951ed5a112d340f73bf3cc81d69d1af7c0b1a33d0ca9d3299a26/whenever-0.9.5-cp313-cp313t-musllinux_1_2_x86_64.whl", hash = "sha256:5bdc5ca9cddc9264d587469d994e046ae9c55cfdb6b9048927fe2922ae8763a1", size = 694782, upload-time = "2026-01-11T19:47:01.532Z" },
    { url = "https://pypi.tuna.tsinghua.edu.cn/packages/56/06/1544751be5e96aeefb59b5fedc1f8f4b0f238197ce21496d5960da20f18c/whenever-0.9.5-cp313-cp313t-win32.whl", hash = "sha256:274b7acfdc1fdfb29ab55299ce0a90cabedd079ff9940e24d05e3de4b04e1638", size = 415984, upload-time = "2026-01-11T19:47:33.34Z" },
    { url = "https://pypi.tuna.tsinghua.edu.cn/packages/ab/0e/c87cf223816731718e5fef792b1f8c6d124c9fcbec677d4b7c9fcfe8f44f/whenever-0.9.5-cp313-cp313t-win_amd64.whl", hash = "sha256:7c9429fa1249aa39385716644453d9a4de0974b537974988b175d3ba7175a43f", size = 438641, upload-time = "2026-01-11T19:47:44.295Z" },
    { url = "https://pypi.tuna.tsinghua.edu.cn/packages/d7/e4/5e78fc3b8a2bc84e0f055a89a9f4eabc06bc435463ea112265e1e73592f5/whenever-0.9.5-cp314-cp314-macosx_10_12_x86_64.whl", hash = "sha256:e381120682f6675cccbcba13b4c88b033f31167f820c161936fa99556e455f03", size = 468861, upload-time = "2026-01-11T19:47:24.176Z" },
    { url = "https://pypi.tuna.tsinghua.edu.cn/packages/e8/a3/bd597dff8c82b2a1568813015ff25f3df2b6817872c8061176f04e3aad0f/whenever-0.9.5-cp314-cp314-macosx_11_0_arm64.whl", hash = "sha256:caa7be36a609d765b9ea1c49159c446521b6ac33ff60b67214aa019713e05dda", size = 441322, upload-time = "2026-01-11T19:47:14.184Z" },
    { url = "https://pypi.tuna.tsinghua.edu.cn/packages/82/3c/fcb3a85cfdc12783c22d44640be538f78bcc3946cc3fb454139cdaebd119/whenever-0.9.5-cp314-cp314-manylinux_2_17_aarch64.manylinux2014_aarch64.whl", hash = "sha256:037fd64e27df6116c3ffe8e96cdb6562051b0eda3f0bc7c35068fe642a913da9", size = 455230, upload-time = "2026-01-11T19:45:32.978Z" },
    { url = "https://pypi.tuna.tsinghua.edu.cn/packages/e9/17/83c83dddb55f7576f3748b077774d2bd8521bc2220bd2fa6f711ad8f046e/whenever-0.9.5-cp314-cp314-manylinux_2_17_armv7l.manylinux2014_armv7l.whl", hash = "sha256:5c864363a2ff97c0b661915112140b9229132586d035ee4989cbe914aa3e3df4", size = 499473, upload-time = "2026-01-11T19:45:52.257Z" },
    { url = "https://pypi.tuna.tsinghua.edu.cn/packages/07/11/406d26cf641ef9e3cdd0f11237a2a49b06f225c5f57257850a2e101c8760/whenever-0.9.5-cp314-cp314-manylinux_2_17_ppc64le.manylinux2014_ppc64le.whl", hash = "sha256:e3d2c3f7bc9ceaef7d58fb40f0a4602a1947691eac1bff2623d2f923d4374543", size = 488680, upload-time = "2026-01-11T19:46:12.382Z" },
    { url = "https://pypi.tuna.tsinghua.edu.cn/packages/b5/15/7d85e7f5710fc4dfaec830da0b069791ca6b7108939ab06a0440cfd11f7a/whenever-0.9.5-cp314-cp314-manylinux_2_17_s390x.manylinux2014_s390x.whl", hash = "sha256:ce45c364734e63a459b3b816f1ce159bb4d4f570faa2b0fa504d6d329dd654a3", size = 522715, upload-time = "2026-01-11T19:46:22.835Z" },
    { url = "https://pypi.tuna.tsinghua.edu.cn/packages/3f/53/ec6eb7d71624437571ed22c9fbfa7c8532b6868c94138e0775f61c69101c/whenever-0.9.5-cp314-cp314-manylinux_2_17_x86_64.manylinux2014_x86_64.whl", hash = "sha256:c8fc8e6e500f60299be739e19ffb830b2d9f50da017e14cd832b31f31ee93166", size = 484518, upload-time = "2026-01-11T19:46:51.971Z" },
    { url = "https://pypi.tuna.tsinghua.edu.cn/packages/17/48/220d4a7335d91face9e5c16ec5228ad454ff58cfb3713c291c90d54b3e84/whenever-0.9.5-cp314-cp314-manylinux_2_5_i686.manylinux1_i686.whl", hash = "sha256:b422bb8651f094f4420749f4c0d72287121480a495c6d247035bd52a72c4586c", size = 522611, upload-time = "2026-01-11T19:46:32.224Z" },
    { url = "https://pypi.tuna.tsinghua.edu.cn/packages/be/fd/d1b270585f459f469af7c08e03ba2bcfe058449162354bf809e671ccfb1e/whenever-0.9.5-cp314-cp314-musllinux_1_2_aarch64.whl", hash = "sha256:87635742acdd0adbbed62c6ed2ec4a49e25b1e3c7374f13f39d2c5f9229ae24f", size = 638421, upload-time = "2026-01-11T19:45:42.843Z" },
    { url = "https://pypi.tuna.tsinghua.edu.cn/packages/2f/0c/7fc33cdb8da7d2b14cd7129f37b48c1aa91644eabc07780333979bdf15f6/whenever-0.9.5-cp314-cp314-musllinux_1_2_armv7l.whl", hash = "sha256:1ae39fff83ad73ec563db65707e5bde1e74b350bf4309cfb265d527a6cd222c6", size = 770967, upload-time = "2026-01-11T19:46:01.614Z" },
    { url = "https://pypi.tuna.tsinghua.edu.cn/packages/fc/39/a379dcf478136619050cee1ed789a9bdb0a6537fe8c43b23ea832e38c8ce/whenever-0.9.5-cp314-cp314-musllinux_1_2_i686.whl", hash = "sha256:ae5b01eb93c3ad703d7870d9e6566c389b889e97d7efec30c73abf64aa95b47f", size = 735292, upload-time = "2026-01-11T19:46:41.75Z" },
    { url = "https://pypi.tuna.tsinghua.edu.cn/packages/09/a7/139ac3b81239f1d6275e8eb792c52a48adc6ba303b7e0c9d8ca405a86c76/whenever-0.9.5-cp314-cp314-musllinux_1_2_x86_64.whl", hash = "sha256:5e278daa1e650958f9ba7084b1c3c245444acf3e30db9cca5141658347a7c67d", size = 697998, upload-time = "2026-01-11T19:47:02.681Z" },
    { url = "https://pypi.tuna.tsinghua.edu.cn/packages/2e/37/141041e40f76dd530183c715faae1d8b21e47867fe159b8b88c4960eae2d/whenever-0.9.5-cp314-cp314-win32.whl", hash = "sha256:1b62c62a00bd93e51f71d231aef3178f1c22566b2818c190e755c96fd939b91a", size = 418248, upload-time = "2026-01-11T19:47:34.855Z" },
    { url = "https://pypi.tuna.tsinghua.edu.cn/packages/4b/7b/c86657bec1a679042c239a247bc3e6a92f3acc53ec858d13c1e770777f41/whenever-0.9.5-cp314-cp314-win_amd64.whl", hash = "sha256:483c2736ce367dbda01133700b064dfa8b6ed24833fc984e1d767e81aa02a189", size = 442418, upload-time = "2026-01-11T19:47:45.727Z" },
    { url = "https://pypi.tuna.tsinghua.edu.cn/packages/55/3b/2d37c3438214a1bf6caddddf825d5ff86e6cfcdf91a41fa1175334a2bab0/whenever-0.9.5-cp314-cp314t-macosx_10_12_x86_64.whl", hash = "sha256:7644b6c35f9c1fa7b7f6cb03bf5764207374bf3e2049cb49e7578648b0d27dd9", size = 468132, upload-time = "2026-01-11T19:47:25.341Z" },
    { url = "https://pypi.tuna.tsinghua.edu.cn/packages/ba/0d/284336cf592107ee65c61030f1ca9717214365661d642aadf9fbce38bf8d/whenever-0.9.5-cp314-cp314t-macosx_11_0_arm64.whl", hash = "sha256:be31d5799b49e593da413cddc73728a51d0e80461262c7a4ed66b95819a69016", size = 438449, upload-time = "2026-01-11T19:47:15.283Z" },
    { url = "https://pypi.tuna.tsinghua.edu.cn/packages/5a/50/a13b1869b06a8838fab79e31707bf882f836764dcf1260ce170c1084011b/whenever-0.9.5-cp314-cp314t-manylinux_2_17_aarch64.manylinux2014_aarch64.whl", hash = "sha256:6691e1157026773354c77771cd72db727bbd0ee36121cd139cf16f03cddc1699", size = 452750, upload-time = "2026-01-11T19:45:34.047Z" },
    { url = "https://pypi.tuna.tsinghua.edu.cn/packages/79/9d/3b9006df1289c78a2e3b8bdd6498430ffee57cb851c938a9da9a7f2ca11d/whenever-0.9.5-cp314-cp314t-manylinux_2_17_armv7l.manylinux2014_armv7l.whl", hash = "sha256:e7e31f4bb592cdd433dde40acef83f968b89178b42169724e0b200a318536c4f", size = 497651, upload-time = "2026-01-11T19:45:53.477Z" },
    { url = "https://pypi.tuna.tsinghua.edu.cn/packages/c3/94/6e66e55649ed8c2e742ca3284e3dd158b0cb3d1272fc7bacc5b0938eba12/whenever-0.9.5-cp314-cp314t-manylinux_2_17_ppc64le.manylinux2014_ppc64le.whl", hash = "sha256:9f8100609213040dda06e1d078bc43768d5d16dbaabfa75b13c5adb5189056be", size = 488006, upload-time = "2026-01-11T19:46:13.624Z" },
    { url = "https://pypi.tuna.tsinghua.edu.cn/packages/c2/62/5c0bea83a518f3a76377400bdc29215d2f964be4d1bc8d3886f91824a4cc/whenever-0.9.5-cp314-cp314t-manylinux_2_17_s390x.manylinux2014_s390x.whl", hash = "sha256:38c415a27661f830320c96f3cf6af99ea96b712c9c3a14975ff8c34263d125c6", size = 521517, upload-time = "2026-01-11T19:46:23.874Z" },
    { url = "https://pypi.tuna.tsinghua.edu.cn/packages/80/0a/e93c2ccfb993d5ac1434913d9a2cea2e79d93affbbec06942c748d04681f/whenever-0.9.5-cp314-cp314t-manylinux_2_17_x86_64.manylinux2014_x86_64.whl", hash = "sha256:cee6fce59f948dd30c01107d55d40d2c035c6dfd3005c49d535e10175832601c", size = 483401, upload-time = "2026-01-11T19:46:53.531Z" },
    { url = "https://pypi.tuna.tsinghua.edu.cn/packages/4d/05/d142ca3b56a1012082d0d2b71f9e9e1b9b42ba266d92294f841cb7acc07e/whenever-0.9.5-cp314-cp314t-manylinux_2_5_i686.manylinux1_i686.whl", hash = "sha256:ef181122ffcef41551d5eef483bf12ea48d1115554911a674e404e640ef0fd26", size = 520096, upload-time = "2026-01-11T19:46:33.746Z" },
    { url = "https://pypi.tuna.tsinghua.edu.cn/packages/ca/b9/53a3ebb2c44e7215fa8c6720361a5c78891538f9c934935ffbf508801aae/whenever-0.9.5-cp314-cp314t-musllinux_1_2_aarch64.whl", hash = "sha256:e4970bc5c37d4fff22e299314bebebb2d1a88133a67a51f87013dad0ac6535fb", size = 637251, upload-time = "2026-01-11T19:45:43.849Z" },
    { url = "https://pypi.tuna.tsinghua.edu.cn/packages/ea/17/4f15ae9977972a7b8cd2819c4f03b63884416e4064d6d7366164cd6093f4/whenever-0.9.5-cp314-cp314t-musllinux_1_2_armv7l.whl", hash = "sha256:db8043800bd6eba7e681a316cba3734c8d10dad044b4a0dcf5fb0129665902ce", size = 769681, upload-time = "2026-01-11T19:46:03.041Z" },
    { url = "https://pypi.tuna.tsinghua.edu.cn/packages/a0/a5/280dd222b31f478cef551f0d6554ab224e436b7b4ba1456d3cad864de756/whenever-0.9.5-cp314-cp314t-musllinux_1_2_i686.whl", hash = "sha256:067235cd1be14f709219eae4e6ae639ec19418e7860d1be1e59c5e4bd9cb3542", size = 732487, upload-time = "2026-01-11T19:46:43.395Z" },
    { url = "https://pypi.tuna.tsinghua.edu.cn/packages/8d/33/d2bed59cfe7cf358e78bfa26bad4414a0a3d99c6aa5e5b76aea448661bae/whenever-0.9.5-cp314-cp314t-musllinux_1_2_x86_64.whl", hash = "sha256:81556be508452f5fe7d7e7837718ff91ddb16089a705febe178fa8baabc99236", size = 696906, upload-time = "2026-01-11T19:47:03.814Z" },
    { url = "https://pypi.tuna.tsinghua.edu.cn/packages/36/4a/b27b182fdf24c9760a91481c6b97d9f536a15f6bc7c33d750eccaa245670/whenever-0.9.5-cp314-cp314t-win32.whl", hash = "sha256:681c9f4d322182df28037a33f0d4eadf7577fcd590130f7a5d23763a86ab5687", size = 417599, upload-time = "2026-01-11T19:47:36.201Z" },
    { url = "https://pypi.tuna.tsinghua.edu.cn/packages/6d/93/712f65c4fc3c188b0c163cd650cb04a46f993a22d1ad3f66a3e4a42a39f8/whenever-0.9.5-cp314-cp314t-win_amd64.whl", hash = "sha256:37242c895078bb1bfc26bea460f6d92dc5bdfe4a59e95a4f9e01f99b90f0157e", size = 440654, upload-time = "2026-01-11T19:47:46.924Z" },
    { url = "https://pypi.tuna.tsinghua.edu.cn/packages/91/fb/1b112af72e5a2b5ac66b5a6a478cc220117224c1481a2b1a35e87222a791/whenever-0.9.5-py3-none-any.whl", hash = "sha256:cc600303e703d57cc42c5db1c81bbc3becb8ef6fde5c46aee5d68c292239fc4b", size = 64873, upload-time = "2026-01-11T19:47:49.585Z" },
]

[[package]]
name = "zotero-bib-sync"
version = "0.1.0"
source = { virtual = "." }
dependencies = [
    { name = "bibtexparser" },
    { name = "pyzotero" },
]

[package.metadata]
requires-dist = [
    { name = "bibtexparser", specifier = ">=1.4.4" },
    { name = "pyzotero", specifier = ">=1.10.0" },
]
